
Microsoft Visual Studio Solution File, Format Version 12.00
# Visual Studio Version 17
VisualStudioVersion = 17.1.32421.90
MinimumVisualStudioVersion = 10.0.40219.1
Project("{FAE04EC0-301F-11D3-BF4B-00C04F79EFBC}") = "FreeImages", "FreeImages\FreeImages.csproj", "{F6B6B086-D561-4D3E-94C7-43E448601282}"
EndProject
Global
	GlobalSection(SolutionConfigurationPlatforms) = preSolution
		Debug|Any CPU = Debug|Any CPU
		Release|Any CPU = Release|Any CPU
	EndGlobalSection
	GlobalSection(ProjectConfigurationPlatforms) = postSolution
		{F6B6B086-D561-4D3E-94C7-43E448601282}.Debug|Any CPU.ActiveCfg = Debug|Any CPU
		{F6B6B086-D561-4D3E-94C7-43E448601282}.Debug|Any CPU.Build.0 = Debug|Any CPU
		{F6B6B086-D561-4D3E-94C7-43E448601282}.Release|Any CPU.ActiveCfg = Release|Any CPU
		{F6B6B086-D561-4D3E-94C7-43E448601282}.Release|Any CPU.Build.0 = Release|Any CPU
	EndGlobalSection
	GlobalSection(SolutionProperties) = preSolution
		HideSolutionNode = FALSE
	EndGlobalSection
	GlobalSection(ExtensibilityGlobals) = postSolution
		SolutionGuid = {852F8B5A-4950-4ADD-902E-608626DB027A}
	EndGlobalSection
EndGlobal
